
Microsoft Visual Studio Solution File, Format Version 12.00
# Visual Studio 15
VisualStudioVersion = 15.0.27703.2042
MinimumVisualStudioVersion = 10.0.40219.1
Project("{8BC9CEB8-8B4A-11D0-8D11-00A0C91BC942}") = "KhronosTextureHandler", "KhronosTextureHandler\KhronosTextureHandler.vcxproj", "{CAA61ED6-3B52-49A0-BEBE-253694D40B21}"
EndProject
Global
	GlobalSection(SolutionConfigurationPlatforms) = preSolution
		Debug|x64 = Debug|x64
		Debug|x86 = Debug|x86
		Release|x64 = Release|x64
		Release|x86 = Release|x86
	EndGlobalSection
	GlobalSection(ProjectConfigurationPlatforms) = postSolution
		{CAA61ED6-3B52-49A0-BEBE-253694D40B21}.Debug|x64.ActiveCfg = Debug|x64
		{CAA61ED6-3B52-49A0-BEBE-253694D40B21}.Debug|x64.Build.0 = Debug|x64
		{CAA61ED6-3B52-49A0-BEBE-253694D40B21}.Debug|x86.ActiveCfg = Debug|Win32
		{CAA61ED6-3B52-49A0-BEBE-253694D40B21}.Debug|x86.Build.0 = Debug|Win32
		{CAA61ED6-3B52-49A0-BEBE-253694D40B21}.Release|x64.ActiveCfg = Release|x64
		{CAA61ED6-3B52-49A0-BEBE-253694D40B21}.Release|x64.Build.0 = Release|x64
		{CAA61ED6-3B52-49A0-BEBE-253694D40B21}.Release|x86.ActiveCfg = Release|Win32
		{CAA61ED6-3B52-49A0-BEBE-253694D40B21}.Release|x86.Build.0 = Release|Win32
	EndGlobalSection
	GlobalSection(SolutionProperties) = preSolution
		HideSolutionNode = FALSE
	EndGlobalSection
	GlobalSection(ExtensibilityGlobals) = postSolution
		SolutionGuid = {151F0D7E-2EB9-42F9-ABC2-56444B2568BC}
	EndGlobalSection
EndGlobal
